
Microsoft Visual Studio Solution File, Format Version 12.00
# Visual Studio Version 17
VisualStudioVersion = 17.8.34322.80
MinimumVisualStudioVersion = 10.0.40219.1
Project("{FAE04EC0-301F-11D3-BF4B-00C04F79EFBC}") = "NZWalks.Api", "NZWalks.Api\NZWalks.Api.csproj", "{829D9895-6561-4629-8565-4B5A13B6CCDE}"
EndProject
Global
	GlobalSection(SolutionConfigurationPlatforms) = preSolution
		Debug|Any CPU = Debug|Any CPU
		Release|Any CPU = Release|Any CPU
	EndGlobalSection
	GlobalSection(ProjectConfigurationPlatforms) = postSolution
		{829D9895-6561-4629-8565-4B5A13B6CCDE}.Debug|Any CPU.ActiveCfg = Debug|Any CPU
		{829D9895-6561-4629-8565-4B5A13B6CCDE}.Debug|Any CPU.Build.0 = Debug|Any CPU
		{829D9895-6561-4629-8565-4B5A13B6CCDE}.Release|Any CPU.ActiveCfg = Release|Any CPU
		{829D9895-6561-4629-8565-4B5A13B6CCDE}.Release|Any CPU.Build.0 = Release|Any CPU
	EndGlobalSection
	GlobalSection(SolutionProperties) = preSolution
		HideSolutionNode = FALSE
	EndGlobalSection
	GlobalSection(ExtensibilityGlobals) = postSolution
		SolutionGuid = {F076459D-57FA-4E86-BE8A-AF6CFF874CA9}
	EndGlobalSection
EndGlobal
